
Microsoft Visual Studio Solution File, Format Version 11.00
# Visual Studio 2010
Project("{8BC9CEB8-8B4A-11D0-8D11-00A0C91BC942}") = "denser", "denser\denser.vcxproj", "{611AA8C9-7927-499C-AEFF-A9ED8D915B20}"
EndProject
Global
	GlobalSection(SolutionConfigurationPlatforms) = preSolution
		Debug|Any CPU = Debug|Any CPU
		Debug|Mixed Platforms = Debug|Mixed Platforms
		Debug|Win32 = Debug|Win32
		Debug|x86 = Debug|x86
		Release|Any CPU = Release|Any CPU
		Release|Mixed Platforms = Release|Mixed Platforms
		Release|Win32 = Release|Win32
		Release|x86 = Release|x86
	EndGlobalSection
	GlobalSection(ProjectConfigurationPlatforms) = postSolution
		{611AA8C9-7927-499C-AEFF-A9ED8D915B20}.Debug|Any CPU.ActiveCfg = Debug|Win32
		{611AA8C9-7927-499C-AEFF-A9ED8D915B20}.Debug|Mixed Platforms.ActiveCfg = Debug|Win32
		{611AA8C9-7927-499C-AEFF-A9ED8D915B20}.Debug|Mixed Platforms.Build.0 = Debug|Win32
		{611AA8C9-7927-499C-AEFF-A9ED8D915B20}.Debug|Win32.ActiveCfg = Debug|Win32
		{611AA8C9-7927-499C-AEFF-A9ED8D915B20}.Debug|Win32.Build.0 = Debug|Win32
		{611AA8C9-7927-499C-AEFF-A9ED8D915B20}.Debug|x86.ActiveCfg = Debug|Win32
		{611AA8C9-7927-499C-AEFF-A9ED8D915B20}.Release|Any CPU.ActiveCfg = Release|Win32
		{611AA8C9-7927-499C-AEFF-A9ED8D915B20}.Release|Mixed Platforms.ActiveCfg = Release|Win32
		{611AA8C9-7927-499C-AEFF-A9ED8D915B20}.Release|Mixed Platforms.Build.0 = Release|Win32
		{611AA8C9-7927-499C-AEFF-A9ED8D915B20}.Release|Win32.ActiveCfg = Release|Win32
		{611AA8C9-7927-499C-AEFF-A9ED8D915B20}.Release|Win32.Build.0 = Release|Win32
		{611AA8C9-7927-499C-AEFF-A9ED8D915B20}.Release|x86.ActiveCfg = Release|Win32
	EndGlobalSection
	GlobalSection(SolutionProperties) = preSolution
		HideSolutionNode = FALSE
	EndGlobalSection
EndGlobal
